
Microsoft Visual Studio Solution File, Format Version 12.00
# Visual Studio Version 17
VisualStudioVersion = 17.2.32630.192
MinimumVisualStudioVersion = 10.0.40219.1
Project("{FAE04EC0-301F-11D3-BF4B-00C04F79EFBC}") = "app1", "WindowsFormsApp\app1.csproj", "{D5E24186-F4F4-4BCB-A5E0-75F9599D2541}"
EndProject
Project("{FAE04EC0-301F-11D3-BF4B-00C04F79EFBC}") = "app2", "app2\app2.csproj", "{6D6E572D-738C-4B5F-9DF8-D5B90A199378}"
EndProject
Global
	GlobalSection(SolutionConfigurationPlatforms) = preSolution
		Debug|Any CPU = Debug|Any CPU
		Release|Any CPU = Release|Any CPU
	EndGlobalSection
	GlobalSection(ProjectConfigurationPlatforms) = postSolution
		{D5E24186-F4F4-4BCB-A5E0-75F9599D2541}.Debug|Any CPU.ActiveCfg = Debug|Any CPU
		{D5E24186-F4F4-4BCB-A5E0-75F9599D2541}.Debug|Any CPU.Build.0 = Debug|Any CPU
		{D5E24186-F4F4-4BCB-A5E0-75F9599D2541}.Release|Any CPU.ActiveCfg = Release|Any CPU
		{D5E24186-F4F4-4BCB-A5E0-75F9599D2541}.Release|Any CPU.Build.0 = Release|Any CPU
		{6D6E572D-738C-4B5F-9DF8-D5B90A199378}.Debug|Any CPU.ActiveCfg = Debug|Any CPU
		{6D6E572D-738C-4B5F-9DF8-D5B90A199378}.Debug|Any CPU.Build.0 = Debug|Any CPU
		{6D6E572D-738C-4B5F-9DF8-D5B90A199378}.Release|Any CPU.ActiveCfg = Release|Any CPU
		{6D6E572D-738C-4B5F-9DF8-D5B90A199378}.Release|Any CPU.Build.0 = Release|Any CPU
	EndGlobalSection
	GlobalSection(SolutionProperties) = preSolution
		HideSolutionNode = FALSE
	EndGlobalSection
	GlobalSection(ExtensibilityGlobals) = postSolution
		SolutionGuid = {DB9417BB-C692-48E8-AF7E-9B0A0B268C98}
	EndGlobalSection
EndGlobal
