
Microsoft Visual Studio Solution File, Format Version 12.00
# Visual Studio Version 17
VisualStudioVersion = 17.2.32630.192
MinimumVisualStudioVersion = 10.0.40219.1
Project("{FAE04EC0-301F-11D3-BF4B-00C04F79EFBC}") = "ConsoleApp", "ConsoleApp\ConsoleApp.csproj", "{8D37DCAF-937D-46D7-8846-B92ED2C6B4AD}"
EndProject
Global
	GlobalSection(SolutionConfigurationPlatforms) = preSolution
		Debug|Any CPU = Debug|Any CPU
		Release|Any CPU = Release|Any CPU
	EndGlobalSection
	GlobalSection(ProjectConfigurationPlatforms) = postSolution
		{8D37DCAF-937D-46D7-8846-B92ED2C6B4AD}.Debug|Any CPU.ActiveCfg = Debug|Any CPU
		{8D37DCAF-937D-46D7-8846-B92ED2C6B4AD}.Debug|Any CPU.Build.0 = Debug|Any CPU
		{8D37DCAF-937D-46D7-8846-B92ED2C6B4AD}.Release|Any CPU.ActiveCfg = Release|Any CPU
		{8D37DCAF-937D-46D7-8846-B92ED2C6B4AD}.Release|Any CPU.Build.0 = Release|Any CPU
	EndGlobalSection
	GlobalSection(SolutionProperties) = preSolution
		HideSolutionNode = FALSE
	EndGlobalSection
	GlobalSection(ExtensibilityGlobals) = postSolution
		SolutionGuid = {891B72C7-C13D-4A1B-B039-DA11FBBFA7FC}
	EndGlobalSection
EndGlobal
